// !$*UTF8*$!
{
	archiveVersion = 1;
	classes = {
	};
	objectVersion = 55;
	objects = {

/* Begin PBXBuildFile section */
		997C4FA428BBC3BC00F3190E /* QuizEngineApp.swift in Sources */ = {isa = PBXBuildFile; fileRef = 997C4FA328BBC3BC00F3190E /* QuizEngineApp.swift */; };
		997C4FA628BBC3BC00F3190E /* ContentView.swift in Sources */ = {isa = PBXBuildFile; fileRef = 997C4FA528BBC3BC00F3190E /* ContentView.swift */; };
		997C4FA828BBC3BF00F3190E /* Assets.xcassets in Resources */ = {isa = PBXBuildFile; fileRef = 997C4FA728BBC3BF00F3190E /* Assets.xcassets */; };
		997C4FAB28BBC3BF00F3190E /* Preview Assets.xcassets in Resources */ = {isa = PBXBuildFile; fileRef = 997C4FAA28BBC3BF00F3190E /* Preview Assets.xcassets */; };
		997C4FB528BBC3BF00F3190E /* QuizEngineTests.swift in Sources */ = {isa = PBXBuildFile; fileRef = 997C4FB428BBC3BF00F3190E /* QuizEngineTests.swift */; };
		997C4FBF28BBC3BF00F3190E /* QuizEngineUITests.swift in Sources */ = {isa = PBXBuildFile; fileRef = 997C4FBE28BBC3BF00F3190E /* QuizEngineUITests.swift */; };
		997C4FC128BBC3BF00F3190E /* QuizEngineUITestsLaunchTests.swift in Sources */ = {isa = PBXBuildFile; fileRef = 997C4FC028BBC3BF00F3190E /* QuizEngineUITestsLaunchTests.swift */; };
/* End PBXBuildFile section */

/* Begin PBXContainerItemProxy section */
		997C4FB128BBC3BF00F3190E /* PBXContainerItemProxy */ = {
			isa = PBXContainerItemProxy;
			containerPortal = 997C4F9828BBC3BC00F3190E /* Project object */;
			proxyType = 1;
			remoteGlobalIDString = 997C4F9F28BBC3BC00F3190E;
			remoteInfo = QuizEngine;
		};
		997C4FBB28BBC3BF00F3190E /* PBXContainerItemProxy */ = {
			isa = PBXContainerItemProxy;
			containerPortal = 997C4F9828BBC3BC00F3190E /* Project object */;
			proxyType = 1;
			remoteGlobalIDString = 997C4F9F28BBC3BC00F3190E;
			remoteInfo = QuizEngine;
		};
/* End PBXContainerItemProxy section */

/* Begin PBXFileReference section */
		997C4FA028BBC3BC00F3190E /* QuizEngine.app */ = {isa = PBXFileReference; explicitFileType = wrapper.application; includeInIndex = 0; path = QuizEngine.app; sourceTree = BUILT_PRODUCTS_DIR; };
		997C4FA328BBC3BC00F3190E /* QuizEngineApp.swift */ = {isa = PBXFileReference; lastKnownFileType = sourcecode.swift; path = QuizEngineApp.swift; sourceTree = "<group>"; };
		997C4FA528BBC3BC00F3190E /* ContentView.swift */ = {isa = PBXFileReference; lastKnownFileType = sourcecode.swift; path = ContentView.swift; sourceTree = "<group>"; };
		997C4FA728BBC3BF00F3190E /* Assets.xcassets */ = {isa = PBXFileReference; lastKnownFileType = folder.assetcatalog; path = Assets.xcassets; sourceTree = "<group>"; };
		997C4FAA28BBC3BF00F3190E /* Preview Assets.xcassets */ = {isa = PBXFileReference; lastKnownFileType = folder.assetcatalog; path = "Preview Assets.xcassets"; sourceTree = "<group>"; };
		997C4FB028BBC3BF00F3190E /* QuizEngineTests.xctest */ = {isa = PBXFileReference; explicitFileType = wrapper.cfbundle; includeInIndex = 0; path = QuizEngineTests.xctest; sourceTree = BUILT_PRODUCTS_DIR; };
		997C4FB428BBC3BF00F3190E /* QuizEngineTests.swift */ = {isa = PBXFileReference; lastKnownFileType = sourcecode.swift; path = QuizEngineTests.swift; sourceTree = "<group>"; };
		997C4FBA28BBC3BF00F3190E /* QuizEngineUITests.xctest */ = {isa = PBXFileReference; explicitFileType = wrapper.cfbundle; includeInIndex = 0; path = QuizEngineUITests.xctest; sourceTree = BUILT_PRODUCTS_DIR; };
		997C4FBE28BBC3BF00F3190E /* QuizEngineUITests.swift */ = {isa = PBXFileReference; lastKnownFileType = sourcecode.swift; path = QuizEngineUITests.swift; sourceTree = "<group>"; };
		997C4FC028BBC3BF00F3190E /* QuizEngineUITestsLaunchTests.swift */ = {isa = PBXFileReference; lastKnownFileType = sourcecode.swift; path = QuizEngineUITestsLaunchTests.swift; sourceTree = "<group>"; };
/* End PBXFileReference section */

/* Begin PBXFrameworksBuildPhase section */
		997C4F9D28BBC3BC00F3190E /* Frameworks */ = {
			isa = PBXFrameworksBuildPhase;
			buildActionMask = 2147483647;
			files = (
			);
			runOnlyForDeploymentPostprocessing = 0;
		};
		997C4FAD28BBC3BF00F3190E /* Frameworks */ = {
			isa = PBXFrameworksBuildPhase;
			buildActionMask = 2147483647;
			files = (
			);
			runOnlyForDeploymentPostprocessing = 0;
		};
		997C4FB728BBC3BF00F3190E /* Frameworks */ = {
			isa = PBXFrameworksBuildPhase;
			buildActionMask = 2147483647;
			files = (
			);
			runOnlyForDeploymentPostprocessing = 0;
		};
/* End PBXFrameworksBuildPhase section */

/* Begin PBXGroup section */
		997C4F9728BBC3BC00F3190E = {
			isa = PBXGroup;
			children = (
				997C4FA228BBC3BC00F3190E /* QuizEngine */,
				997C4FB328BBC3BF00F3190E /* QuizEngineTests */,
				997C4FBD28BBC3BF00F3190E /* QuizEngineUITests */,
				997C4FA128BBC3BC00F3190E /* Products */,
			);
			sourceTree = "<group>";
		};
		997C4FA128BBC3BC00F3190E /* Products */ = {
			isa = PBXGroup;
			children = (
				997C4FA028BBC3BC00F3190E /* QuizEngine.app */,
				997C4FB028BBC3BF00F3190E /* QuizEngineTests.xctest */,
				997C4FBA28BBC3BF00F3190E /* QuizEngineUITests.xctest */,
			);
			name = Products;
			sourceTree = "<group>";
		};
		997C4FA228BBC3BC00F3190E /* QuizEngine */ = {
			isa = PBXGroup;
			children = (
				997C4FA328BBC3BC00F3190E /* QuizEngineApp.swift */,
				997C4FA528BBC3BC00F3190E /* ContentView.swift */,
				997C4FA728BBC3BF00F3190E /* Assets.xcassets */,
				997C4FA928BBC3BF00F3190E /* Preview Content */,
			);
			path = QuizEngine;
			sourceTree = "<group>";
		};
		997C4FA928BBC3BF00F3190E /* Preview Content */ = {
			isa = PBXGroup;
			children = (
				997C4FAA28BBC3BF00F3190E /* Preview Assets.xcassets */,
			);
			path = "Preview Content";
			sourceTree = "<group>";
		};
		997C4FB328BBC3BF00F3190E /* QuizEngineTests */ = {
			isa = PBXGroup;
			children = (
				997C4FB428BBC3BF00F3190E /* QuizEngineTests.swift */,
			);
			path = QuizEngineTests;
			sourceTree = "<group>";
		};
		997C4FBD28BBC3BF00F3190E /* QuizEngineUITests */ = {
			isa = PBXGroup;
			children = (
				997C4FBE28BBC3BF00F3190E /* QuizEngineUITests.swift */,
				997C4FC028BBC3BF00F3190E /* QuizEngineUITestsLaunchTests.swift */,
			);
			path = QuizEngineUITests;
			sourceTree = "<group>";
		};
/* End PBXGroup section */

/* Begin PBXNativeTarget section */
		997C4F9F28BBC3BC00F3190E /* QuizEngine */ = {
			isa = PBXNativeTarget;
			buildConfigurationList = 997C4FC428BBC3BF00F3190E /* Build configuration list for PBXNativeTarget "QuizEngine" */;
			buildPhases = (
				997C4F9C28BBC3BC00F3190E /* Sources */,
				997C4F9D28BBC3BC00F3190E /* Frameworks */,
				997C4F9E28BBC3BC00F3190E /* Resources */,
			);
			buildRules = (
			);
			dependencies = (
			);
			name = QuizEngine;
			productName = QuizEngine;
			productReference = 997C4FA028BBC3BC00F3190E /* QuizEngine.app */;
			productType = "com.apple.product-type.application";
		};
		997C4FAF28BBC3BF00F3190E /* QuizEngineTests */ = {
			isa = PBXNativeTarget;
			buildConfigurationList = 997C4FC728BBC3BF00F3190E /* Build configuration list for PBXNativeTarget "QuizEngineTests" */;
			buildPhases = (
				997C4FAC28BBC3BF00F3190E /* Sources */,
				997C4FAD28BBC3BF00F3190E /* Frameworks */,
				997C4FAE28BBC3BF00F3190E /* Resources */,
			);
			buildRules = (
			);
			dependencies = (
				997C4FB228BBC3BF00F3190E /* PBXTargetDependency */,
			);
			name = QuizEngineTests;
			productName = QuizEngineTests;
			productReference = 997C4FB028BBC3BF00F3190E /* QuizEngineTests.xctest */;
			productType = "com.apple.product-type.bundle.unit-test";
		};
		997C4FB928BBC3BF00F3190E /* QuizEngineUITests */ = {
			isa = PBXNativeTarget;
			buildConfigurationList = 997C4FCA28BBC3BF00F3190E /* Build configuration list for PBXNativeTarget "QuizEngineUITests" */;
			buildPhases = (
				997C4FB628BBC3BF00F3190E /* Sources */,
				997C4FB728BBC3BF00F3190E /* Frameworks */,
				997C4FB828BBC3BF00F3190E /* Resources */,
			);
			buildRules = (
			);
			dependencies = (
				997C4FBC28BBC3BF00F3190E /* PBXTargetDependency */,
			);
			name = QuizEngineUITests;
			productName = QuizEngineUITests;
			productReference = 997C4FBA28BBC3BF00F3190E /* QuizEngineUITests.xctest */;
			productType = "com.apple.product-type.bundle.ui-testing";
		};
/* End PBXNativeTarget section */

/* Begin PBXProject section */
		997C4F9828BBC3BC00F3190E /* Project object */ = {
			isa = PBXProject;
			attributes = {
				BuildIndependentTargetsInParallel = 1;
				LastSwiftUpdateCheck = 1340;
				LastUpgradeCheck = 1340;
				TargetAttributes = {
					997C4F9F28BBC3BC00F3190E = {
						CreatedOnToolsVersion = 13.4;
					};
					997C4FAF28BBC3BF00F3190E = {
						CreatedOnToolsVersion = 13.4;
						TestTargetID = 997C4F9F28BBC3BC00F3190E;
					};
					997C4FB928BBC3BF00F3190E = {
						CreatedOnToolsVersion = 13.4;
						TestTargetID = 997C4F9F28BBC3BC00F3190E;
					};
				};
			};
			buildConfigurationList = 997C4F9B28BBC3BC00F3190E /* Build configuration list for PBXProject "QuizEngine" */;
			compatibilityVersion = "Xcode 13.0";
			developmentRegion = en;
			hasScannedForEncodings = 0;
			knownRegions = (
				en,
				Base,
			);
			mainGroup = 997C4F9728BBC3BC00F3190E;
			productRefGroup = 997C4FA128BBC3BC00F3190E /* Products */;
			projectDirPath = "";
			projectRoot = "";
			targets = (
				997C4F9F28BBC3BC00F3190E /* QuizEngine */,
				997C4FAF28BBC3BF00F3190E /* QuizEngineTests */,
				997C4FB928BBC3BF00F3190E /* QuizEngineUITests */,
			);
		};
/* End PBXProject section */

/* Begin PBXResourcesBuildPhase section */
		997C4F9E28BBC3BC00F3190E /* Resources */ = {
			isa = PBXResourcesBuildPhase;
			buildActionMask = 2147483647;
			files = (
				997C4FAB28BBC3BF00F3190E /* Preview Assets.xcassets in Resources */,
				997C4FA828BBC3BF00F3190E /* Assets.xcassets in Resources */,
			);
			runOnlyForDeploymentPostprocessing = 0;
		};
		997C4FAE28BBC3BF00F3190E /* Resources */ = {
			isa = PBXResourcesBuildPhase;
			buildActionMask = 2147483647;
			files = (
			);
			runOnlyForDeploymentPostprocessing = 0;
		};
		997C4FB828BBC3BF00F3190E /* Resources */ = {
			isa = PBXResourcesBuildPhase;
			buildActionMask = 2147483647;
			files = (
			);
			runOnlyForDeploymentPostprocessing = 0;
		};
/* End PBXResourcesBuildPhase section */

/* Begin PBXSourcesBuildPhase section */
		997C4F9C28BBC3BC00F3190E /* Sources */ = {
			isa = PBXSourcesBuildPhase;
			buildActionMask = 2147483647;
			files = (
				997C4FA628BBC3BC00F3190E /* ContentView.swift in Sources */,
				997C4FA428BBC3BC00F3190E /* QuizEngineApp.swift in Sources */,
			);
			runOnlyForDeploymentPostprocessing = 0;
		};
		997C4FAC28BBC3BF00F3190E /* Sources */ = {
			isa = PBXSourcesBuildPhase;
			buildActionMask = 2147483647;
			files = (
				997C4FB528BBC3BF00F3190E /* QuizEngineTests.swift in Sources */,
			);
			runOnlyForDeploymentPostprocessing = 0;
		};
		997C4FB628BBC3BF00F3190E /* Sources */ = {
			isa = PBXSourcesBuildPhase;
			buildActionMask = 2147483647;
			files = (
				997C4FBF28BBC3BF00F3190E /* QuizEngineUITests.swift in Sources */,
				997C4FC128BBC3BF00F3190E /* QuizEngineUITestsLaunchTests.swift in Sources */,
			);
			runOnlyForDeploymentPostprocessing = 0;
		};
/* End PBXSourcesBuildPhase section */

/* Begin PBXTargetDependency section */
		997C4FB228BBC3BF00F3190E /* PBXTargetDependency */ = {
			isa = PBXTargetDependency;
			target = 997C4F9F28BBC3BC00F3190E /* QuizEngine */;
			targetProxy = 997C4FB128BBC3BF00F3190E /* PBXContainerItemProxy */;
		};
		997C4FBC28BBC3BF00F3190E /* PBXTargetDependency */ = {
			isa = PBXTargetDependency;
			target = 997C4F9F28BBC3BC00F3190E /* QuizEngine */;
			targetProxy = 997C4FBB28BBC3BF00F3190E /* PBXContainerItemProxy */;
		};
/* End PBXTargetDependency section */

/* Begin XCBuildConfiguration section */
		997C4FC228BBC3BF00F3190E /* Debug */ = {
			isa = XCBuildConfiguration;
			buildSettings = {
				ALWAYS_SEARCH_USER_PATHS = NO;
				CLANG_ANALYZER_NONNULL = YES;
				CLANG_ANALYZER_NUMBER_OBJECT_CONVERSION = YES_AGGRESSIVE;
				CLANG_CXX_LANGUAGE_STANDARD = "gnu++17";
				CLANG_ENABLE_MODULES = YES;
				CLANG_ENABLE_OBJC_ARC = YES;
				CLANG_ENABLE_OBJC_WEAK = YES;
				CLANG_WARN_BLOCK_CAPTURE_AUTORELEASING = YES;
				CLANG_WARN_BOOL_CONVERSION = YES;
				CLANG_WARN_COMMA = YES;
				CLANG_WARN_CONSTANT_CONVERSION = YES;
				CLANG_WARN_DEPRECATED_OBJC_IMPLEMENTATIONS = YES;
				CLANG_WARN_DIRECT_OBJC_ISA_USAGE = YES_ERROR;
				CLANG_WARN_DOCUMENTATION_COMMENTS = YES;
				CLANG_WARN_EMPTY_BODY = YES;
				CLANG_WARN_ENUM_CONVERSION = YES;
				CLANG_WARN_INFINITE_RECURSION = YES;
				CLANG_WARN_INT_CONVERSION = YES;
				CLANG_WARN_NON_LITERAL_NULL_CONVERSION = YES;
				CLANG_WARN_OBJC_IMPLICIT_RETAIN_SELF = YES;
				CLANG_WARN_OBJC_LITERAL_CONVERSION = YES;
				CLANG_WARN_OBJC_ROOT_CLASS = YES_ERROR;
				CLANG_WARN_QUOTED_INCLUDE_IN_FRAMEWORK_HEADER = YES;
				CLANG_WARN_RANGE_LOOP_ANALYSIS = YES;
				CLANG_WARN_STRICT_PROTOTYPES = YES;
				CLANG_WARN_SUSPICIOUS_MOVE = YES;
				CLANG_WARN_UNGUARDED_AVAILABILITY = YES_AGGRESSIVE;
				CLANG_WARN_UNREACHABLE_CODE = YES;
				CLANG_WARN__DUPLICATE_METHOD_MATCH = YES;
				COPY_PHASE_STRIP = NO;
				DEBUG_INFORMATION_FORMAT = dwarf;
				ENABLE_STRICT_OBJC_MSGSEND = YES;
				ENABLE_TESTABILITY = YES;
				GCC_C_LANGUAGE_STANDARD = gnu11;
				GCC_DYNAMIC_NO_PIC = NO;
				GCC_NO_COMMON_BLOCKS = YES;
				GCC_OPTIMIZATION_LEVEL = 0;
				GCC_PREPROCESSOR_DEFINITIONS = (
					"DEBUG=1",
					"$(inherited)",
				);
				GCC_WARN_64_TO_32_BIT_CONVERSION = YES;
				GCC_WARN_ABOUT_RETURN_TYPE = YES_ERROR;
				GCC_WARN_UNDECLARED_SELECTOR = YES;
				GCC_WARN_UNINITIALIZED_AUTOS = YES_AGGRESSIVE;
				GCC_WARN_UNUSED_FUNCTION = YES;
				GCC_WARN_UNUSED_VARIABLE = YES;
				IPHONEOS_DEPLOYMENT_TARGET = 15.5;
				MTL_ENABLE_DEBUG_INFO = INCLUDE_SOURCE;
				MTL_FAST_MATH = YES;
				ONLY_ACTIVE_ARCH = YES;
				SDKROOT = iphoneos;
				SWIFT_ACTIVE_COMPILATION_CONDITIONS = DEBUG;
				SWIFT_OPTIMIZATION_LEVEL = "-Onone";
			};
			name = Debug;
		};
		997C4FC328BBC3BF00F3190E /* Release */ = {
			isa = XCBuildConfiguration;
			buildSettings = {
				ALWAYS_SEARCH_USER_PATHS = NO;
				CLANG_ANALYZER_NONNULL = YES;
				CLANG_ANALYZER_NUMBER_OBJECT_CONVERSION = YES_AGGRESSIVE;
				CLANG_CXX_LANGUAGE_STANDARD = "gnu++17";
				CLANG_ENABLE_MODULES = YES;
				CLANG_ENABLE_OBJC_ARC = YES;
				CLANG_ENABLE_OBJC_WEAK = YES;
				CLANG_WARN_BLOCK_CAPTURE_AUTORELEASING = YES;
				CLANG_WARN_BOOL_CONVERSION = YES;
				CLANG_WARN_COMMA = YES;
				CLANG_WARN_CONSTANT_CONVERSION = YES;
				CLANG_WARN_DEPRECATED_OBJC_IMPLEMENTATIONS = YES;
				CLANG_WARN_DIRECT_OBJC_ISA_USAGE = YES_ERROR;
				CLANG_WARN_DOCUMENTATION_COMMENTS = YES;
				CLANG_WARN_EMPTY_BODY = YES;
				CLANG_WARN_ENUM_CONVERSION = YES;
				CLANG_WARN_INFINITE_RECURSION = YES;
				CLANG_WARN_INT_CONVERSION = YES;
				CLANG_WARN_NON_LITERAL_NULL_CONVERSION = YES;
				CLANG_WARN_OBJC_IMPLICIT_RETAIN_SELF = YES;
				CLANG_WARN_OBJC_LITERAL_CONVERSION = YES;
				CLANG_WARN_OBJC_ROOT_CLASS = YES_ERROR;
				CLANG_WARN_QUOTED_INCLUDE_IN_FRAMEWORK_HEADER = YES;
				CLANG_WARN_RANGE_LOOP_ANALYSIS = YES;
				CLANG_WARN_STRICT_PROTOTYPES = YES;
				CLANG_WARN_SUSPICIOUS_MOVE = YES;
				CLANG_WARN_UNGUARDED_AVAILABILITY = YES_AGGRESSIVE;
				CLANG_WARN_UNREACHABLE_CODE = YES;
				CLANG_WARN__DUPLICATE_METHOD_MATCH = YES;
				COPY_PHASE_STRIP = NO;
				DEBUG_INFORMATION_FORMAT = "dwarf-with-dsym";
				ENABLE_NS_ASSERTIONS = NO;
				ENABLE_STRICT_OBJC_MSGSEND = YES;
				GCC_C_LANGUAGE_STANDARD = gnu11;
				GCC_NO_COMMON_BLOCKS = YES;
				GCC_WARN_64_TO_32_BIT_CONVERSION = YES;
				GCC_WARN_ABOUT_RETURN_TYPE = YES_ERROR;
				GCC_WARN_UNDECLARED_SELECTOR = YES;
				GCC_WARN_UNINITIALIZED_AUTOS = YES_AGGRESSIVE;
				GCC_WARN_UNUSED_FUNCTION = YES;
				GCC_WARN_UNUSED_VARIABLE = YES;
				IPHONEOS_DEPLOYMENT_TARGET = 15.5;
				MTL_ENABLE_DEBUG_INFO = NO;
				MTL_FAST_MATH = YES;
				SDKROOT = iphoneos;
				SWIFT_COMPILATION_MODE = wholemodule;
				SWIFT_OPTIMIZATION_LEVEL = "-O";
				VALIDATE_PRODUCT = YES;
			};
			name = Release;
		};
		997C4FC528BBC3BF00F3190E /* Debug */ = {
			isa = XCBuildConfiguration;
			buildSettings = {
				ASSETCATALOG_COMPILER_APPICON_NAME = AppIcon;
				ASSETCATALOG_COMPILER_GLOBAL_ACCENT_COLOR_NAME = AccentColor;
				CODE_SIGN_STYLE = Automatic;
				CURRENT_PROJECT_VERSION = 1;
				DEVELOPMENT_ASSET_PATHS = "\"QuizEngine/Preview Content\"";
				DEVELOPMENT_TEAM = TPUMPT3F8K;
				ENABLE_PREVIEWS = YES;
				GENERATE_INFOPLIST_FILE = YES;
				INFOPLIST_KEY_UIApplicationSceneManifest_Generation = YES;
				INFOPLIST_KEY_UIApplicationSupportsIndirectInputEvents = YES;
				INFOPLIST_KEY_UILaunchScreen_Generation = YES;
				INFOPLIST_KEY_UISupportedInterfaceOrientations_iPad = "UIInterfaceOrientationPortrait UIInterfaceOrientationPortraitUpsideDown UIInterfaceOrientationLandscapeLeft UIInterfaceOrientationLandscapeRight";
				INFOPLIST_KEY_UISupportedInterfaceOrientations_iPhone = "UIInterfaceOrientationPortrait UIInterfaceOrientationLandscapeLeft UIInterfaceOrientationLandscapeRight";
				LD_RUNPATH_SEARCH_PATHS = (
					"$(inherited)",
					"@executable_path/Frameworks",
				);
				MARKETING_VERSION = 1.0;
				PRODUCT_BUNDLE_IDENTIFIER = br.com.yuri.QuizEngine;
				PRODUCT_NAME = "$(TARGET_NAME)";
				SWIFT_EMIT_LOC_STRINGS = YES;
				SWIFT_VERSION = 5.0;
				TARGETED_DEVICE_FAMILY = "1,2";
			};
			name = Debug;
		};
		997C4FC628BBC3BF00F3190E /* Release */ = {
			isa = XCBuildConfiguration;
			buildSettings = {
				ASSETCATALOG_COMPILER_APPICON_NAME = AppIcon;
				ASSETCATALOG_COMPILER_GLOBAL_ACCENT_COLOR_NAME = AccentColor;
				CODE_SIGN_STYLE = Automatic;
				CURRENT_PROJECT_VERSION = 1;
				DEVELOPMENT_ASSET_PATHS = "\"QuizEngine/Preview Content\"";
				DEVELOPMENT_TEAM = TPUMPT3F8K;
				ENABLE_PREVIEWS = YES;
				GENERATE_INFOPLIST_FILE = YES;
				INFOPLIST_KEY_UIApplicationSceneManifest_Generation = YES;
				INFOPLIST_KEY_UIApplicationSupportsIndirectInputEvents = YES;
				INFOPLIST_KEY_UILaunchScreen_Generation = YES;
				INFOPLIST_KEY_UISupportedInterfaceOrientations_iPad = "UIInterfaceOrientationPortrait UIInterfaceOrientationPortraitUpsideDown UIInterfaceOrientationLandscapeLeft UIInterfaceOrientationLandscapeRight";
				INFOPLIST_KEY_UISupportedInterfaceOrientations_iPhone = "UIInterfaceOrientationPortrait UIInterfaceOrientationLandscapeLeft UIInterfaceOrientationLandscapeRight";
				LD_RUNPATH_SEARCH_PATHS = (
					"$(inherited)",
					"@executable_path/Frameworks",
				);
				MARKETING_VERSION = 1.0;
				PRODUCT_BUNDLE_IDENTIFIER = br.com.yuri.QuizEngine;
				PRODUCT_NAME = "$(TARGET_NAME)";
				SWIFT_EMIT_LOC_STRINGS = YES;
				SWIFT_VERSION = 5.0;
				TARGETED_DEVICE_FAMILY = "1,2";
			};
			name = Release;
		};
		997C4FC828BBC3BF00F3190E /* Debug */ = {
			isa = XCBuildConfiguration;
			buildSettings = {
				ALWAYS_EMBED_SWIFT_STANDARD_LIBRARIES = YES;
				BUNDLE_LOADER = "$(TEST_HOST)";
				CODE_SIGN_STYLE = Automatic;
				CURRENT_PROJECT_VERSION = 1;
				DEVELOPMENT_TEAM = TPUMPT3F8K;
				GENERATE_INFOPLIST_FILE = YES;
				IPHONEOS_DEPLOYMENT_TARGET = 15.5;
				MARKETING_VERSION = 1.0;
				PRODUCT_BUNDLE_IDENTIFIER = br.com.yuri.QuizEngineTests;
				PRODUCT_NAME = "$(TARGET_NAME)";
				SWIFT_EMIT_LOC_STRINGS = NO;
				SWIFT_VERSION = 5.0;
				TARGETED_DEVICE_FAMILY = "1,2";
				TEST_HOST = "$(BUILT_PRODUCTS_DIR)/QuizEngine.app/QuizEngine";
			};
			name = Debug;
		};
		997C4FC928BBC3BF00F3190E /* Release */ = {
			isa = XCBuildConfiguration;
			buildSettings = {
				ALWAYS_EMBED_SWIFT_STANDARD_LIBRARIES = YES;
				BUNDLE_LOADER = "$(TEST_HOST)";
				CODE_SIGN_STYLE = Automatic;
				CURRENT_PROJECT_VERSION = 1;
				DEVELOPMENT_TEAM = TPUMPT3F8K;
				GENERATE_INFOPLIST_FILE = YES;
				IPHONEOS_DEPLOYMENT_TARGET = 15.5;
				MARKETING_VERSION = 1.0;
				PRODUCT_BUNDLE_IDENTIFIER = br.com.yuri.QuizEngineTests;
				PRODUCT_NAME = "$(TARGET_NAME)";
				SWIFT_EMIT_LOC_STRINGS = NO;
				SWIFT_VERSION = 5.0;
				TARGETED_DEVICE_FAMILY = "1,2";
				TEST_HOST = "$(BUILT_PRODUCTS_DIR)/QuizEngine.app/QuizEngine";
			};
			name = Release;
		};
		997C4FCB28BBC3BF00F3190E /* Debug */ = {
			isa = XCBuildConfiguration;
			buildSettings = {
				ALWAYS_EMBED_SWIFT_STANDARD_LIBRARIES = YES;
				CODE_SIGN_STYLE = Automatic;
				CURRENT_PROJECT_VERSION = 1;
				DEVELOPMENT_TEAM = TPUMPT3F8K;
				GENERATE_INFOPLIST_FILE = YES;
				MARKETING_VERSION = 1.0;
				PRODUCT_BUNDLE_IDENTIFIER = br.com.yuri.QuizEngineUITests;
				PRODUCT_NAME = "$(TARGET_NAME)";
				SWIFT_EMIT_LOC_STRINGS = NO;
				SWIFT_VERSION = 5.0;
				TARGETED_DEVICE_FAMILY = "1,2";
				TEST_TARGET_NAME = QuizEngine;
			};
			name = Debug;
		};
		997C4FCC28BBC3BF00F3190E /* Release */ = {
			isa = XCBuildConfiguration;
			buildSettings = {
				ALWAYS_EMBED_SWIFT_STANDARD_LIBRARIES = YES;
				CODE_SIGN_STYLE = Automatic;
				CURRENT_PROJECT_VERSION = 1;
				DEVELOPMENT_TEAM = TPUMPT3F8K;
				GENERATE_INFOPLIST_FILE = YES;
				MARKETING_VERSION = 1.0;
				PRODUCT_BUNDLE_IDENTIFIER = br.com.yuri.QuizEngineUITests;
				PRODUCT_NAME = "$(TARGET_NAME)";
				SWIFT_EMIT_LOC_STRINGS = NO;
				SWIFT_VERSION = 5.0;
				TARGETED_DEVICE_FAMILY = "1,2";
				TEST_TARGET_NAME = QuizEngine;
			};
			name = Release;
		};
/* End XCBuildConfiguration section */

/* Begin XCConfigurationList section */
		997C4F9B28BBC3BC00F3190E /* Build configuration list for PBXProject "QuizEngine" */ = {
			isa = XCConfigurationList;
			buildConfigurations = (
				997C4FC228BBC3BF00F3190E /* Debug */,
				997C4FC328BBC3BF00F3190E /* Release */,
			);
			defaultConfigurationIsVisible = 0;
			defaultConfigurationName = Release;
		};
		997C4FC428BBC3BF00F3190E /* Build configuration list for PBXNativeTarget "QuizEngine" */ = {
			isa = XCConfigurationList;
			buildConfigurations = (
				997C4FC528BBC3BF00F3190E /* Debug */,
				997C4FC628BBC3BF00F3190E /* Release */,
			);
			defaultConfigurationIsVisible = 0;
			defaultConfigurationName = Release;
		};
		997C4FC728BBC3BF00F3190E /* Build configuration list for PBXNativeTarget "QuizEngineTests" */ = {
			isa = XCConfigurationList;
			buildConfigurations = (
				997C4FC828BBC3BF00F3190E /* Debug */,
				997C4FC928BBC3BF00F3190E /* Release */,
			);
			defaultConfigurationIsVisible = 0;
			defaultConfigurationName = Release;
		};
		997C4FCA28BBC3BF00F3190E /* Build configuration list for PBXNativeTarget "QuizEngineUITests" */ = {
			isa = XCConfigurationList;
			buildConfigurations = (
				997C4FCB28BBC3BF00F3190E /* Debug */,
				997C4FCC28BBC3BF00F3190E /* Release */,
			);
			defaultConfigurationIsVisible = 0;
			defaultConfigurationName = Release;
		};
/* End XCConfigurationList section */
	};
	rootObject = 997C4F9828BBC3BC00F3190E /* Project object */;
}
